<?xml version="1.0" encoding="utf-8"?>
<Project ToolsVersion="4.0" xmlns="http://schemas.microsoft.com/developer/msbuild/2003">
  <ItemGroup>
    <ClCompile Include="MartinAssist.cpp" />
    <ClCompile Include="ASCIIFile.cpp">
      <Filter>Hidden</Filter>
    </ClCompile>
    <ClCompile Include="Parse.cpp">
      <Filter>Hidden</Filter>
    </ClCompile>
    <ClCompile Include="FileSystem.cpp" />
    <ClCompile Include="Timer.cpp">
      <Filter>Hidden</Filter>
    </ClCompile>
    <ClCompile Include="example0.cpp" />
    <ClCompile Include="LiterateProcessor.cpp" />
    <ClCompile Include="EveryHere.cpp" />
    <ClCompile Include="ImGui\imgui.cpp">
      <Filter>ImGui</Filter>
    </ClCompile>
    <ClCompile Include="ImGui\imgui_demo.cpp">
      <Filter>ImGui</Filter>
    </ClCompile>
    <ClCompile Include="ImGui\imgui_draw.cpp">
      <Filter>ImGui</Filter>
    </ClCompile>
    <ClCompile Include="ImGui\imgui_impl_opengl3.cpp">
      <Filter>ImGui</Filter>
    </ClCompile>
    <ClCompile Include="ImGui\imgui_widgets.cpp">
      <Filter>ImGui</Filter>
    </ClCompile>
    <ClCompile Include="ImGui\implot.cpp">
      <Filter>ImGui</Filter>
    </ClCompile>
    <ClCompile Include="ImGui\implot_demo.cpp">
      <Filter>ImGui</Filter>
    </ClCompile>
    <ClCompile Include="Gui.cpp" />
    <ClCompile Include="ImGui\imgui_impl_glfw.cpp">
      <Filter>ImGui</Filter>
    </ClCompile>
    <ClCompile Include="ImGui\imgui_tables.cpp">
      <Filter>ImGui</Filter>
    </ClCompile>
    <ClCompile Include="ImGui\imgui_stdlib.cpp">
      <Filter>ImGui</Filter>
    </ClCompile>
    <ClCompile Include="CppParser.cpp">
      <Filter>Hidden</Filter>
    </ClCompile>
    <ClCompile Include="CppParserTest.cpp">
      <Filter>Hidden</Filter>
    </ClCompile>
    <ClCompile Include="SelectionRange.cpp" />
    <ClCompile Include="GuiFiles.cpp" />
    <ClCompile Include="GuiDrives.cpp" />
    <ClCompile Include="PooledString.cpp" />
  </ItemGroup>
  <ItemGroup>
    <Text Include="readme.txt" />
    <Text Include="ImGui\LICENSE.txt">
      <Filter>ImGui</Filter>
    </Text>
  </ItemGroup>
  <ItemGroup>
    <ClInclude Include="ASCIIFile.h">
      <Filter>Hidden</Filter>
    </ClInclude>
    <ClInclude Include="types.h">
      <Filter>Hidden</Filter>
    </ClInclude>
    <ClInclude Include="Parse.h">
      <Filter>Hidden</Filter>
    </ClInclude>
    <ClInclude Include="FileSystem.h" />
    <ClInclude Include="Timer.h">
      <Filter>Hidden</Filter>
    </ClInclude>
    <ClInclude Include="LiterateProcessor.h" />
    <ClInclude Include="EveryHere.h" />
    <ClInclude Include="ImGui\imconfig.h">
      <Filter>ImGui</Filter>
    </ClInclude>
    <ClInclude Include="ImGui\imgui.h">
      <Filter>ImGui</Filter>
    </ClInclude>
    <ClInclude Include="ImGui\imgui_impl_opengl3.h">
      <Filter>ImGui</Filter>
    </ClInclude>
    <ClInclude Include="ImGui\imgui_internal.h">
      <Filter>ImGui</Filter>
    </ClInclude>
    <ClInclude Include="ImGui\implot.h">
      <Filter>ImGui</Filter>
    </ClInclude>
    <ClInclude Include="ImGui\imstb_rectpack.h">
      <Filter>ImGui</Filter>
    </ClInclude>
    <ClInclude Include="ImGui\imstb_textedit.h">
      <Filter>ImGui</Filter>
    </ClInclude>
    <ClInclude Include="ImGui\imstb_truetype.h">
      <Filter>ImGui</Filter>
    </ClInclude>
    <ClInclude Include="Gui.h" />
    <ClInclude Include="ImGui\imgui_impl_glfw.h">
      <Filter>ImGui</Filter>
    </ClInclude>
    <ClInclude Include="ImGui\imgui_impl_opengl3_loader.h">
      <Filter>ImGui</Filter>
    </ClInclude>
    <ClInclude Include="ImGui\imgui_stdlib.h">
      <Filter>ImGui</Filter>
    </ClInclude>
    <ClInclude Include="global.h">
      <Filter>Hidden</Filter>
    </ClInclude>
    <ClInclude Include="resource.h">
      <Filter>Hidden</Filter>
    </ClInclude>
    <ClInclude Include="CppParser.h">
      <Filter>Hidden</Filter>
    </ClInclude>
    <ClInclude Include="CppParserTest.h">
      <Filter>Hidden</Filter>
    </ClInclude>
    <ClInclude Include="PooledString.h" />
  </ItemGroup>
  <ItemGroup>
    <Filter Include="Hidden">
      <UniqueIdentifier>{40707ef5-9baa-4e74-9cdf-bcb6f5521754}</UniqueIdentifier>
    </Filter>
    <Filter Include="ImGui">
      <UniqueIdentifier>{0180d86a-b814-4971-b2b6-f8b1772bb6bd}</UniqueIdentifier>
    </Filter>
  </ItemGroup>
  <ItemGroup>
    <Library Include="ImGui\GLFW\glfw3.lib">
      <Filter>ImGui</Filter>
    </Library>
    <Library Include="ImGui\GLFW\glfw3dll.lib">
      <Filter>ImGui</Filter>
    </Library>
  </ItemGroup>
  <ItemGroup>
    <None Include="ImGui\GLFW\glfw3.dll">
      <Filter>ImGui</Filter>
    </None>
  </ItemGroup>
  <ItemGroup>
    <ResourceCompile Include="MartinAssist.rc">
      <Filter>Hidden</Filter>
    </ResourceCompile>
  </ItemGroup>
  <ItemGroup>
    <Image Include="Icon.ico">
      <Filter>Hidden</Filter>
    </Image>
  </ItemGroup>
</Project>