<?xml version="1.0" encoding="utf-8"?>
<Project ToolsVersion="4.0" xmlns="http://schemas.microsoft.com/developer/msbuild/2003">
  <ItemGroup>
    <ClCompile Include="MartinAssist.cpp" />
    <ClCompile Include="ASCIIFile.cpp">
      <Filter>Hidden</Filter>
    </ClCompile>
    <ClCompile Include="CppParser.cpp" />
    <ClCompile Include="Parse.cpp">
      <Filter>Hidden</Filter>
    </ClCompile>
    <ClCompile Include="FileSystem.cpp" />
  </ItemGroup>
  <ItemGroup>
    <Text Include="readme.txt" />
  </ItemGroup>
  <ItemGroup>
    <ClInclude Include="ASCIIFile.h">
      <Filter>Hidden</Filter>
    </ClInclude>
    <ClInclude Include="types.h">
      <Filter>Hidden</Filter>
    </ClInclude>
    <ClInclude Include="global.h" />
    <ClInclude Include="CppParser.h" />
    <ClInclude Include="Parse.h">
      <Filter>Hidden</Filter>
    </ClInclude>
    <ClInclude Include="FileSystem.h" />
  </ItemGroup>
  <ItemGroup>
    <Filter Include="Hidden">
      <UniqueIdentifier>{40707ef5-9baa-4e74-9cdf-bcb6f5521754}</UniqueIdentifier>
    </Filter>
  </ItemGroup>
</Project>